<?xml version="1.0" encoding="utf-8"?>
<Project ToolsVersion="15.0" xmlns="http://schemas.microsoft.com/developer/msbuild/2003">
  <ItemGroup>
    <ClCompile Include="E:\Download\glfw-3.3\src\context.c">
      <Filter>Source Files</Filter>
    </ClCompile>
    <ClCompile Include="E:\Download\glfw-3.3\src\init.c">
      <Filter>Source Files</Filter>
    </ClCompile>
    <ClCompile Include="E:\Download\glfw-3.3\src\input.c">
      <Filter>Source Files</Filter>
    </ClCompile>
    <ClCompile Include="E:\Download\glfw-3.3\src\monitor.c">
      <Filter>Source Files</Filter>
    </ClCompile>
    <ClCompile Include="E:\Download\glfw-3.3\src\vulkan.c">
      <Filter>Source Files</Filter>
    </ClCompile>
    <ClCompile Include="E:\Download\glfw-3.3\src\window.c">
      <Filter>Source Files</Filter>
    </ClCompile>
    <ClCompile Include="E:\Download\glfw-3.3\src\win32_init.c">
      <Filter>Source Files</Filter>
    </ClCompile>
    <ClCompile Include="E:\Download\glfw-3.3\src\win32_joystick.c">
      <Filter>Source Files</Filter>
    </ClCompile>
    <ClCompile Include="E:\Download\glfw-3.3\src\win32_monitor.c">
      <Filter>Source Files</Filter>
    </ClCompile>
    <ClCompile Include="E:\Download\glfw-3.3\src\win32_time.c">
      <Filter>Source Files</Filter>
    </ClCompile>
    <ClCompile Include="E:\Download\glfw-3.3\src\win32_thread.c">
      <Filter>Source Files</Filter>
    </ClCompile>
    <ClCompile Include="E:\Download\glfw-3.3\src\win32_window.c">
      <Filter>Source Files</Filter>
    </ClCompile>
    <ClCompile Include="E:\Download\glfw-3.3\src\wgl_context.c">
      <Filter>Source Files</Filter>
    </ClCompile>
    <ClCompile Include="E:\Download\glfw-3.3\src\egl_context.c">
      <Filter>Source Files</Filter>
    </ClCompile>
    <ClCompile Include="E:\Download\glfw-3.3\src\osmesa_context.c">
      <Filter>Source Files</Filter>
    </ClCompile>
  </ItemGroup>
  <ItemGroup>
    <ClInclude Include="E:\Download\glfw-3.3\src\internal.h">
      <Filter>Header Files</Filter>
    </ClInclude>
    <ClInclude Include="E:\Download\glfw-3.3\src\mappings.h">
      <Filter>Header Files</Filter>
    </ClInclude>
    <ClInclude Include="E:\Kasug\Code\LearnOpenGL\Libaray\src\glfw_config.h">
      <Filter>Header Files</Filter>
    </ClInclude>
    <ClInclude Include="E:\Download\glfw-3.3\include\GLFW\glfw3.h">
      <Filter>Header Files</Filter>
    </ClInclude>
    <ClInclude Include="E:\Download\glfw-3.3\include\GLFW\glfw3native.h">
      <Filter>Header Files</Filter>
    </ClInclude>
    <ClInclude Include="E:\Download\glfw-3.3\src\win32_platform.h">
      <Filter>Header Files</Filter>
    </ClInclude>
    <ClInclude Include="E:\Download\glfw-3.3\src\win32_joystick.h">
      <Filter>Header Files</Filter>
    </ClInclude>
    <ClInclude Include="E:\Download\glfw-3.3\src\wgl_context.h">
      <Filter>Header Files</Filter>
    </ClInclude>
    <ClInclude Include="E:\Download\glfw-3.3\src\egl_context.h">
      <Filter>Header Files</Filter>
    </ClInclude>
    <ClInclude Include="E:\Download\glfw-3.3\src\osmesa_context.h">
      <Filter>Header Files</Filter>
    </ClInclude>
  </ItemGroup>
  <ItemGroup>
    <CustomBuild Include="E:\Download\glfw-3.3\src\CMakeLists.txt" />
  </ItemGroup>
  <ItemGroup>
    <Filter Include="Header Files">
      <UniqueIdentifier>{E7994FB3-B5EA-36F6-A461-77D77957AE29}</UniqueIdentifier>
    </Filter>
    <Filter Include="Source Files">
      <UniqueIdentifier>{E7E7C895-604C-3429-B9D2-5F35406570FB}</UniqueIdentifier>
    </Filter>
  </ItemGroup>
</Project>
