Microsoft Visual Studio Solution File, Format Version 12.00
# Visual Studio 15
Project("{2150E333-8FDC-42A3-9474-1A3956D46DE8}") = "CMakePredefinedTargets", "CMakePredefinedTargets", "{5FDB6086-9EA1-3210-B189-2C53DC90D5A7}"
EndProject
Project("{2150E333-8FDC-42A3-9474-1A3956D46DE8}") = "GLFW3", "GLFW3", "{7F093735-A84F-36CE-B9F1-AF91D2776156}"
EndProject
Project("{2150E333-8FDC-42A3-9474-1A3956D46DE8}") = "Examples", "GLFW3\Examples", "{F97F942D-705D-3422-B014-0C0655AF108F}"
EndProject
Project("{2150E333-8FDC-42A3-9474-1A3956D46DE8}") = "Tests", "GLFW3\Tests", "{E480C155-7DD2-322D-8691-569D413E8726}"
EndProject
Project("{8BC9CEB8-8B4A-11D0-8D11-00A0C91BC942}") = "ALL_BUILD", "ALL_BUILD.vcxproj", "{6CD8D0B7-7234-3E8B-8FF0-920342425473}"
	ProjectSection(ProjectDependencies) = postProject
		{90DCC745-5D58-30AF-8BB8-B61269C21212} = {90DCC745-5D58-30AF-8BB8-B61269C21212}
		{3FF15401-EBFF-3ABB-B180-E25BB5739F40} = {3FF15401-EBFF-3ABB-B180-E25BB5739F40}
		{876294EF-8CB3-3829-B91A-718AB455E4A4} = {876294EF-8CB3-3829-B91A-718AB455E4A4}
		{4370497C-77C7-35B0-8786-C48D3D133C1D} = {4370497C-77C7-35B0-8786-C48D3D133C1D}
		{0A643464-DFD0-3608-B723-97B62C70E0C2} = {0A643464-DFD0-3608-B723-97B62C70E0C2}
		{BACF46ED-0D20-3A47-8F09-89E0186D8479} = {BACF46ED-0D20-3A47-8F09-89E0186D8479}
		{CB54D07D-E5B0-34A9-A2BA-01226395ACF4} = {CB54D07D-E5B0-34A9-A2BA-01226395ACF4}
		{2737FE95-7B9A-31A1-B3BC-CD971C9425C8} = {2737FE95-7B9A-31A1-B3BC-CD971C9425C8}
		{0C47E592-9DF2-3A48-9944-C7778A38D1E4} = {0C47E592-9DF2-3A48-9944-C7778A38D1E4}
		{A4E8C7F2-CD4C-30C7-B71F-90BC8E73265F} = {A4E8C7F2-CD4C-30C7-B71F-90BC8E73265F}
		{32F7E9DB-D9F0-3A88-8D94-63FB87F587BD} = {32F7E9DB-D9F0-3A88-8D94-63FB87F587BD}
		{36ED9582-BD26-3FD8-82E1-E65FDF81B01F} = {36ED9582-BD26-3FD8-82E1-E65FDF81B01F}
		{A81A7FB3-0D99-32E8-8676-AD319129B328} = {A81A7FB3-0D99-32E8-8676-AD319129B328}
		{A2253F3D-4AF7-323A-A7F1-38B80D104F16} = {A2253F3D-4AF7-323A-A7F1-38B80D104F16}
		{3E93CB6C-DB46-3EF3-A96D-163E9264546A} = {3E93CB6C-DB46-3EF3-A96D-163E9264546A}
		{028B79C8-2090-3982-8437-0399BE64CF80} = {028B79C8-2090-3982-8437-0399BE64CF80}
		{C0D5F748-91FB-3ABB-853E-46338F0CA90E} = {C0D5F748-91FB-3ABB-853E-46338F0CA90E}
		{0FF415CA-4E7D-3C7B-9762-AA20902A014D} = {0FF415CA-4E7D-3C7B-9762-AA20902A014D}
		{B1BD3B69-41AB-3CDA-82CC-6FBB9A44BA21} = {B1BD3B69-41AB-3CDA-82CC-6FBB9A44BA21}
		{B3B3B444-8610-3F54-AA9B-D45181EF9540} = {B3B3B444-8610-3F54-AA9B-D45181EF9540}
		{DCC03293-B7F4-3AF3-9C34-91C071EC06EA} = {DCC03293-B7F4-3AF3-9C34-91C071EC06EA}
		{42B767D0-984C-3DA1-959B-15465F5EFC90} = {42B767D0-984C-3DA1-959B-15465F5EFC90}
		{977A42F5-3EDA-36D9-BC02-9DE0D72B0EE8} = {977A42F5-3EDA-36D9-BC02-9DE0D72B0EE8}
		{B0C1024D-6690-3FA0-A1CB-59218F571385} = {B0C1024D-6690-3FA0-A1CB-59218F571385}
		{6D35E935-93A7-315D-BE18-C5B10C1853E7} = {6D35E935-93A7-315D-BE18-C5B10C1853E7}
		{A20906F9-EB9C-31F2-A1C0-693DAABD3A4B} = {A20906F9-EB9C-31F2-A1C0-693DAABD3A4B}
		{3D891AE6-B5C2-3F7A-9B53-72E06C9229E9} = {3D891AE6-B5C2-3F7A-9B53-72E06C9229E9}
		{8AA4E17B-7848-3533-B238-5D00EA6C8520} = {8AA4E17B-7848-3533-B238-5D00EA6C8520}
		{C5D68C76-50B8-3288-BD9D-E3A5D50336A0} = {C5D68C76-50B8-3288-BD9D-E3A5D50336A0}
		{AA2308CC-60D3-3C47-A0EB-4E789D140D50} = {AA2308CC-60D3-3C47-A0EB-4E789D140D50}
		{463F08B3-079C-3684-BA3F-B73A1F8343DD} = {463F08B3-079C-3684-BA3F-B73A1F8343DD}
	EndProjectSection
EndProject
Project("{8BC9CEB8-8B4A-11D0-8D11-00A0C91BC942}") = "INSTALL", "INSTALL.vcxproj", "{4761BD3E-A8FD-3C9B-929C-170782F9D521}"
	ProjectSection(ProjectDependencies) = postProject
		{6CD8D0B7-7234-3E8B-8FF0-920342425473} = {6CD8D0B7-7234-3E8B-8FF0-920342425473}
		{90DCC745-5D58-30AF-8BB8-B61269C21212} = {90DCC745-5D58-30AF-8BB8-B61269C21212}
	EndProjectSection
EndProject
Project("{8BC9CEB8-8B4A-11D0-8D11-00A0C91BC942}") = "ZERO_CHECK", "ZERO_CHECK.vcxproj", "{90DCC745-5D58-30AF-8BB8-B61269C21212}"
	ProjectSection(ProjectDependencies) = postProject
	EndProjectSection
EndProject
Project("{8BC9CEB8-8B4A-11D0-8D11-00A0C91BC942}") = "boing", "examples\boing.vcxproj", "{3FF15401-EBFF-3ABB-B180-E25BB5739F40}"
	ProjectSection(ProjectDependencies) = postProject
		{90DCC745-5D58-30AF-8BB8-B61269C21212} = {90DCC745-5D58-30AF-8BB8-B61269C21212}
		{0C47E592-9DF2-3A48-9944-C7778A38D1E4} = {0C47E592-9DF2-3A48-9944-C7778A38D1E4}
	EndProjectSection
EndProject
Project("{8BC9CEB8-8B4A-11D0-8D11-00A0C91BC942}") = "clipboard", "tests\clipboard.vcxproj", "{876294EF-8CB3-3829-B91A-718AB455E4A4}"
	ProjectSection(ProjectDependencies) = postProject
		{90DCC745-5D58-30AF-8BB8-B61269C21212} = {90DCC745-5D58-30AF-8BB8-B61269C21212}
		{0C47E592-9DF2-3A48-9944-C7778A38D1E4} = {0C47E592-9DF2-3A48-9944-C7778A38D1E4}
	EndProjectSection
EndProject
Project("{8BC9CEB8-8B4A-11D0-8D11-00A0C91BC942}") = "cursor", "tests\cursor.vcxproj", "{4370497C-77C7-35B0-8786-C48D3D133C1D}"
	ProjectSection(ProjectDependencies) = postProject
		{90DCC745-5D58-30AF-8BB8-B61269C21212} = {90DCC745-5D58-30AF-8BB8-B61269C21212}
		{0C47E592-9DF2-3A48-9944-C7778A38D1E4} = {0C47E592-9DF2-3A48-9944-C7778A38D1E4}
	EndProjectSection
EndProject
Project("{8BC9CEB8-8B4A-11D0-8D11-00A0C91BC942}") = "empty", "tests\empty.vcxproj", "{0A643464-DFD0-3608-B723-97B62C70E0C2}"
	ProjectSection(ProjectDependencies) = postProject
		{90DCC745-5D58-30AF-8BB8-B61269C21212} = {90DCC745-5D58-30AF-8BB8-B61269C21212}
		{0C47E592-9DF2-3A48-9944-C7778A38D1E4} = {0C47E592-9DF2-3A48-9944-C7778A38D1E4}
	EndProjectSection
EndProject
Project("{8BC9CEB8-8B4A-11D0-8D11-00A0C91BC942}") = "events", "tests\events.vcxproj", "{BACF46ED-0D20-3A47-8F09-89E0186D8479}"
	ProjectSection(ProjectDependencies) = postProject
		{90DCC745-5D58-30AF-8BB8-B61269C21212} = {90DCC745-5D58-30AF-8BB8-B61269C21212}
		{0C47E592-9DF2-3A48-9944-C7778A38D1E4} = {0C47E592-9DF2-3A48-9944-C7778A38D1E4}
	EndProjectSection
EndProject
Project("{8BC9CEB8-8B4A-11D0-8D11-00A0C91BC942}") = "gamma", "tests\gamma.vcxproj", "{CB54D07D-E5B0-34A9-A2BA-01226395ACF4}"
	ProjectSection(ProjectDependencies) = postProject
		{90DCC745-5D58-30AF-8BB8-B61269C21212} = {90DCC745-5D58-30AF-8BB8-B61269C21212}
		{0C47E592-9DF2-3A48-9944-C7778A38D1E4} = {0C47E592-9DF2-3A48-9944-C7778A38D1E4}
	EndProjectSection
EndProject
Project("{8BC9CEB8-8B4A-11D0-8D11-00A0C91BC942}") = "gears", "examples\gears.vcxproj", "{2737FE95-7B9A-31A1-B3BC-CD971C9425C8}"
	ProjectSection(ProjectDependencies) = postProject
		{90DCC745-5D58-30AF-8BB8-B61269C21212} = {90DCC745-5D58-30AF-8BB8-B61269C21212}
		{0C47E592-9DF2-3A48-9944-C7778A38D1E4} = {0C47E592-9DF2-3A48-9944-C7778A38D1E4}
	EndProjectSection
EndProject
Project("{8BC9CEB8-8B4A-11D0-8D11-00A0C91BC942}") = "glfw", "src\glfw.vcxproj", "{0C47E592-9DF2-3A48-9944-C7778A38D1E4}"
	ProjectSection(ProjectDependencies) = postProject
		{90DCC745-5D58-30AF-8BB8-B61269C21212} = {90DCC745-5D58-30AF-8BB8-B61269C21212}
	EndProjectSection
EndProject
Project("{8BC9CEB8-8B4A-11D0-8D11-00A0C91BC942}") = "glfwinfo", "tests\glfwinfo.vcxproj", "{A4E8C7F2-CD4C-30C7-B71F-90BC8E73265F}"
	ProjectSection(ProjectDependencies) = postProject
		{90DCC745-5D58-30AF-8BB8-B61269C21212} = {90DCC745-5D58-30AF-8BB8-B61269C21212}
		{0C47E592-9DF2-3A48-9944-C7778A38D1E4} = {0C47E592-9DF2-3A48-9944-C7778A38D1E4}
	EndProjectSection
EndProject
Project("{8BC9CEB8-8B4A-11D0-8D11-00A0C91BC942}") = "heightmap", "examples\heightmap.vcxproj", "{32F7E9DB-D9F0-3A88-8D94-63FB87F587BD}"
	ProjectSection(ProjectDependencies) = postProject
		{90DCC745-5D58-30AF-8BB8-B61269C21212} = {90DCC745-5D58-30AF-8BB8-B61269C21212}
		{0C47E592-9DF2-3A48-9944-C7778A38D1E4} = {0C47E592-9DF2-3A48-9944-C7778A38D1E4}
	EndProjectSection
EndProject
Project("{8BC9CEB8-8B4A-11D0-8D11-00A0C91BC942}") = "icon", "tests\icon.vcxproj", "{36ED9582-BD26-3FD8-82E1-E65FDF81B01F}"
	ProjectSection(ProjectDependencies) = postProject
		{90DCC745-5D58-30AF-8BB8-B61269C21212} = {90DCC745-5D58-30AF-8BB8-B61269C21212}
		{0C47E592-9DF2-3A48-9944-C7778A38D1E4} = {0C47E592-9DF2-3A48-9944-C7778A38D1E4}
	EndProjectSection
EndProject
Project("{8BC9CEB8-8B4A-11D0-8D11-00A0C91BC942}") = "iconify", "tests\iconify.vcxproj", "{A81A7FB3-0D99-32E8-8676-AD319129B328}"
	ProjectSection(ProjectDependencies) = postProject
		{90DCC745-5D58-30AF-8BB8-B61269C21212} = {90DCC745-5D58-30AF-8BB8-B61269C21212}
		{0C47E592-9DF2-3A48-9944-C7778A38D1E4} = {0C47E592-9DF2-3A48-9944-C7778A38D1E4}
	EndProjectSection
EndProject
Project("{8BC9CEB8-8B4A-11D0-8D11-00A0C91BC942}") = "inputlag", "tests\inputlag.vcxproj", "{A2253F3D-4AF7-323A-A7F1-38B80D104F16}"
	ProjectSection(ProjectDependencies) = postProject
		{90DCC745-5D58-30AF-8BB8-B61269C21212} = {90DCC745-5D58-30AF-8BB8-B61269C21212}
		{0C47E592-9DF2-3A48-9944-C7778A38D1E4} = {0C47E592-9DF2-3A48-9944-C7778A38D1E4}
	EndProjectSection
EndProject
Project("{8BC9CEB8-8B4A-11D0-8D11-00A0C91BC942}") = "joysticks", "tests\joysticks.vcxproj", "{3E93CB6C-DB46-3EF3-A96D-163E9264546A}"
	ProjectSection(ProjectDependencies) = postProject
		{90DCC745-5D58-30AF-8BB8-B61269C21212} = {90DCC745-5D58-30AF-8BB8-B61269C21212}
		{0C47E592-9DF2-3A48-9944-C7778A38D1E4} = {0C47E592-9DF2-3A48-9944-C7778A38D1E4}
	EndProjectSection
EndProject
Project("{8BC9CEB8-8B4A-11D0-8D11-00A0C91BC942}") = "monitors", "tests\monitors.vcxproj", "{028B79C8-2090-3982-8437-0399BE64CF80}"
	ProjectSection(ProjectDependencies) = postProject
		{90DCC745-5D58-30AF-8BB8-B61269C21212} = {90DCC745-5D58-30AF-8BB8-B61269C21212}
		{0C47E592-9DF2-3A48-9944-C7778A38D1E4} = {0C47E592-9DF2-3A48-9944-C7778A38D1E4}
	EndProjectSection
EndProject
Project("{8BC9CEB8-8B4A-11D0-8D11-00A0C91BC942}") = "msaa", "tests\msaa.vcxproj", "{C0D5F748-91FB-3ABB-853E-46338F0CA90E}"
	ProjectSection(ProjectDependencies) = postProject
		{90DCC745-5D58-30AF-8BB8-B61269C21212} = {90DCC745-5D58-30AF-8BB8-B61269C21212}
		{0C47E592-9DF2-3A48-9944-C7778A38D1E4} = {0C47E592-9DF2-3A48-9944-C7778A38D1E4}
	EndProjectSection
EndProject
Project("{8BC9CEB8-8B4A-11D0-8D11-00A0C91BC942}") = "offscreen", "examples\offscreen.vcxproj", "{0FF415CA-4E7D-3C7B-9762-AA20902A014D}"
	ProjectSection(ProjectDependencies) = postProject
		{90DCC745-5D58-30AF-8BB8-B61269C21212} = {90DCC745-5D58-30AF-8BB8-B61269C21212}
		{0C47E592-9DF2-3A48-9944-C7778A38D1E4} = {0C47E592-9DF2-3A48-9944-C7778A38D1E4}
	EndProjectSection
EndProject
Project("{8BC9CEB8-8B4A-11D0-8D11-00A0C91BC942}") = "opacity", "tests\opacity.vcxproj", "{B1BD3B69-41AB-3CDA-82CC-6FBB9A44BA21}"
	ProjectSection(ProjectDependencies) = postProject
		{90DCC745-5D58-30AF-8BB8-B61269C21212} = {90DCC745-5D58-30AF-8BB8-B61269C21212}
		{0C47E592-9DF2-3A48-9944-C7778A38D1E4} = {0C47E592-9DF2-3A48-9944-C7778A38D1E4}
	EndProjectSection
EndProject
Project("{8BC9CEB8-8B4A-11D0-8D11-00A0C91BC942}") = "particles", "examples\particles.vcxproj", "{B3B3B444-8610-3F54-AA9B-D45181EF9540}"
	ProjectSection(ProjectDependencies) = postProject
		{90DCC745-5D58-30AF-8BB8-B61269C21212} = {90DCC745-5D58-30AF-8BB8-B61269C21212}
		{0C47E592-9DF2-3A48-9944-C7778A38D1E4} = {0C47E592-9DF2-3A48-9944-C7778A38D1E4}
	EndProjectSection
EndProject
Project("{8BC9CEB8-8B4A-11D0-8D11-00A0C91BC942}") = "reopen", "tests\reopen.vcxproj", "{DCC03293-B7F4-3AF3-9C34-91C071EC06EA}"
	ProjectSection(ProjectDependencies) = postProject
		{90DCC745-5D58-30AF-8BB8-B61269C21212} = {90DCC745-5D58-30AF-8BB8-B61269C21212}
		{0C47E592-9DF2-3A48-9944-C7778A38D1E4} = {0C47E592-9DF2-3A48-9944-C7778A38D1E4}
	EndProjectSection
EndProject
Project("{8BC9CEB8-8B4A-11D0-8D11-00A0C91BC942}") = "sharing", "examples\sharing.vcxproj", "{42B767D0-984C-3DA1-959B-15465F5EFC90}"
	ProjectSection(ProjectDependencies) = postProject
		{90DCC745-5D58-30AF-8BB8-B61269C21212} = {90DCC745-5D58-30AF-8BB8-B61269C21212}
		{0C47E592-9DF2-3A48-9944-C7778A38D1E4} = {0C47E592-9DF2-3A48-9944-C7778A38D1E4}
	EndProjectSection
EndProject
Project("{8BC9CEB8-8B4A-11D0-8D11-00A0C91BC942}") = "simple", "examples\simple.vcxproj", "{977A42F5-3EDA-36D9-BC02-9DE0D72B0EE8}"
	ProjectSection(ProjectDependencies) = postProject
		{90DCC745-5D58-30AF-8BB8-B61269C21212} = {90DCC745-5D58-30AF-8BB8-B61269C21212}
		{0C47E592-9DF2-3A48-9944-C7778A38D1E4} = {0C47E592-9DF2-3A48-9944-C7778A38D1E4}
	EndProjectSection
EndProject
Project("{8BC9CEB8-8B4A-11D0-8D11-00A0C91BC942}") = "splitview", "examples\splitview.vcxproj", "{B0C1024D-6690-3FA0-A1CB-59218F571385}"
	ProjectSection(ProjectDependencies) = postProject
		{90DCC745-5D58-30AF-8BB8-B61269C21212} = {90DCC745-5D58-30AF-8BB8-B61269C21212}
		{0C47E592-9DF2-3A48-9944-C7778A38D1E4} = {0C47E592-9DF2-3A48-9944-C7778A38D1E4}
	EndProjectSection
EndProject
Project("{8BC9CEB8-8B4A-11D0-8D11-00A0C91BC942}") = "tearing", "tests\tearing.vcxproj", "{6D35E935-93A7-315D-BE18-C5B10C1853E7}"
	ProjectSection(ProjectDependencies) = postProject
		{90DCC745-5D58-30AF-8BB8-B61269C21212} = {90DCC745-5D58-30AF-8BB8-B61269C21212}
		{0C47E592-9DF2-3A48-9944-C7778A38D1E4} = {0C47E592-9DF2-3A48-9944-C7778A38D1E4}
	EndProjectSection
EndProject
Project("{8BC9CEB8-8B4A-11D0-8D11-00A0C91BC942}") = "threads", "tests\threads.vcxproj", "{A20906F9-EB9C-31F2-A1C0-693DAABD3A4B}"
	ProjectSection(ProjectDependencies) = postProject
		{90DCC745-5D58-30AF-8BB8-B61269C21212} = {90DCC745-5D58-30AF-8BB8-B61269C21212}
		{0C47E592-9DF2-3A48-9944-C7778A38D1E4} = {0C47E592-9DF2-3A48-9944-C7778A38D1E4}
	EndProjectSection
EndProject
Project("{8BC9CEB8-8B4A-11D0-8D11-00A0C91BC942}") = "timeout", "tests\timeout.vcxproj", "{3D891AE6-B5C2-3F7A-9B53-72E06C9229E9}"
	ProjectSection(ProjectDependencies) = postProject
		{90DCC745-5D58-30AF-8BB8-B61269C21212} = {90DCC745-5D58-30AF-8BB8-B61269C21212}
		{0C47E592-9DF2-3A48-9944-C7778A38D1E4} = {0C47E592-9DF2-3A48-9944-C7778A38D1E4}
	EndProjectSection
EndProject
Project("{8BC9CEB8-8B4A-11D0-8D11-00A0C91BC942}") = "title", "tests\title.vcxproj", "{8AA4E17B-7848-3533-B238-5D00EA6C8520}"
	ProjectSection(ProjectDependencies) = postProject
		{90DCC745-5D58-30AF-8BB8-B61269C21212} = {90DCC745-5D58-30AF-8BB8-B61269C21212}
		{0C47E592-9DF2-3A48-9944-C7778A38D1E4} = {0C47E592-9DF2-3A48-9944-C7778A38D1E4}
	EndProjectSection
EndProject
Project("{8BC9CEB8-8B4A-11D0-8D11-00A0C91BC942}") = "uninstall", "uninstall.vcxproj", "{328D9C79-DBC8-3174-A337-FC024A5A3564}"
	ProjectSection(ProjectDependencies) = postProject
		{90DCC745-5D58-30AF-8BB8-B61269C21212} = {90DCC745-5D58-30AF-8BB8-B61269C21212}
	EndProjectSection
EndProject
Project("{8BC9CEB8-8B4A-11D0-8D11-00A0C91BC942}") = "vulkan", "tests\vulkan.vcxproj", "{C5D68C76-50B8-3288-BD9D-E3A5D50336A0}"
	ProjectSection(ProjectDependencies) = postProject
		{90DCC745-5D58-30AF-8BB8-B61269C21212} = {90DCC745-5D58-30AF-8BB8-B61269C21212}
		{0C47E592-9DF2-3A48-9944-C7778A38D1E4} = {0C47E592-9DF2-3A48-9944-C7778A38D1E4}
	EndProjectSection
EndProject
Project("{8BC9CEB8-8B4A-11D0-8D11-00A0C91BC942}") = "wave", "examples\wave.vcxproj", "{AA2308CC-60D3-3C47-A0EB-4E789D140D50}"
	ProjectSection(ProjectDependencies) = postProject
		{90DCC745-5D58-30AF-8BB8-B61269C21212} = {90DCC745-5D58-30AF-8BB8-B61269C21212}
		{0C47E592-9DF2-3A48-9944-C7778A38D1E4} = {0C47E592-9DF2-3A48-9944-C7778A38D1E4}
	EndProjectSection
EndProject
Project("{8BC9CEB8-8B4A-11D0-8D11-00A0C91BC942}") = "windows", "tests\windows.vcxproj", "{463F08B3-079C-3684-BA3F-B73A1F8343DD}"
	ProjectSection(ProjectDependencies) = postProject
		{90DCC745-5D58-30AF-8BB8-B61269C21212} = {90DCC745-5D58-30AF-8BB8-B61269C21212}
		{0C47E592-9DF2-3A48-9944-C7778A38D1E4} = {0C47E592-9DF2-3A48-9944-C7778A38D1E4}
	EndProjectSection
EndProject
Global
	GlobalSection(SolutionConfigurationPlatforms) = preSolution
		Debug|x64 = Debug|x64
		Release|x64 = Release|x64
		MinSizeRel|x64 = MinSizeRel|x64
		RelWithDebInfo|x64 = RelWithDebInfo|x64
	EndGlobalSection
	GlobalSection(ProjectConfigurationPlatforms) = postSolution
		{6CD8D0B7-7234-3E8B-8FF0-920342425473}.Debug|x64.ActiveCfg = Debug|x64
		{6CD8D0B7-7234-3E8B-8FF0-920342425473}.Debug|x64.Build.0 = Debug|x64
		{6CD8D0B7-7234-3E8B-8FF0-920342425473}.Release|x64.ActiveCfg = Release|x64
		{6CD8D0B7-7234-3E8B-8FF0-920342425473}.Release|x64.Build.0 = Release|x64
		{6CD8D0B7-7234-3E8B-8FF0-920342425473}.MinSizeRel|x64.ActiveCfg = MinSizeRel|x64
		{6CD8D0B7-7234-3E8B-8FF0-920342425473}.MinSizeRel|x64.Build.0 = MinSizeRel|x64
		{6CD8D0B7-7234-3E8B-8FF0-920342425473}.RelWithDebInfo|x64.ActiveCfg = RelWithDebInfo|x64
		{6CD8D0B7-7234-3E8B-8FF0-920342425473}.RelWithDebInfo|x64.Build.0 = RelWithDebInfo|x64
		{4761BD3E-A8FD-3C9B-929C-170782F9D521}.Debug|x64.ActiveCfg = Debug|x64
		{4761BD3E-A8FD-3C9B-929C-170782F9D521}.Release|x64.ActiveCfg = Release|x64
		{4761BD3E-A8FD-3C9B-929C-170782F9D521}.MinSizeRel|x64.ActiveCfg = MinSizeRel|x64
		{4761BD3E-A8FD-3C9B-929C-170782F9D521}.RelWithDebInfo|x64.ActiveCfg = RelWithDebInfo|x64
		{90DCC745-5D58-30AF-8BB8-B61269C21212}.Debug|x64.ActiveCfg = Debug|x64
		{90DCC745-5D58-30AF-8BB8-B61269C21212}.Debug|x64.Build.0 = Debug|x64
		{90DCC745-5D58-30AF-8BB8-B61269C21212}.Release|x64.ActiveCfg = Release|x64
		{90DCC745-5D58-30AF-8BB8-B61269C21212}.Release|x64.Build.0 = Release|x64
		{90DCC745-5D58-30AF-8BB8-B61269C21212}.MinSizeRel|x64.ActiveCfg = MinSizeRel|x64
		{90DCC745-5D58-30AF-8BB8-B61269C21212}.MinSizeRel|x64.Build.0 = MinSizeRel|x64
		{90DCC745-5D58-30AF-8BB8-B61269C21212}.RelWithDebInfo|x64.ActiveCfg = RelWithDebInfo|x64
		{90DCC745-5D58-30AF-8BB8-B61269C21212}.RelWithDebInfo|x64.Build.0 = RelWithDebInfo|x64
		{3FF15401-EBFF-3ABB-B180-E25BB5739F40}.Debug|x64.ActiveCfg = Debug|x64
		{3FF15401-EBFF-3ABB-B180-E25BB5739F40}.Debug|x64.Build.0 = Debug|x64
		{3FF15401-EBFF-3ABB-B180-E25BB5739F40}.Release|x64.ActiveCfg = Release|x64
		{3FF15401-EBFF-3ABB-B180-E25BB5739F40}.Release|x64.Build.0 = Release|x64
		{3FF15401-EBFF-3ABB-B180-E25BB5739F40}.MinSizeRel|x64.ActiveCfg = MinSizeRel|x64
		{3FF15401-EBFF-3ABB-B180-E25BB5739F40}.MinSizeRel|x64.Build.0 = MinSizeRel|x64
		{3FF15401-EBFF-3ABB-B180-E25BB5739F40}.RelWithDebInfo|x64.ActiveCfg = RelWithDebInfo|x64
		{3FF15401-EBFF-3ABB-B180-E25BB5739F40}.RelWithDebInfo|x64.Build.0 = RelWithDebInfo|x64
		{876294EF-8CB3-3829-B91A-718AB455E4A4}.Debug|x64.ActiveCfg = Debug|x64
		{876294EF-8CB3-3829-B91A-718AB455E4A4}.Debug|x64.Build.0 = Debug|x64
		{876294EF-8CB3-3829-B91A-718AB455E4A4}.Release|x64.ActiveCfg = Release|x64
		{876294EF-8CB3-3829-B91A-718AB455E4A4}.Release|x64.Build.0 = Release|x64
		{876294EF-8CB3-3829-B91A-718AB455E4A4}.MinSizeRel|x64.ActiveCfg = MinSizeRel|x64
		{876294EF-8CB3-3829-B91A-718AB455E4A4}.MinSizeRel|x64.Build.0 = MinSizeRel|x64
		{876294EF-8CB3-3829-B91A-718AB455E4A4}.RelWithDebInfo|x64.ActiveCfg = RelWithDebInfo|x64
		{876294EF-8CB3-3829-B91A-718AB455E4A4}.RelWithDebInfo|x64.Build.0 = RelWithDebInfo|x64
		{4370497C-77C7-35B0-8786-C48D3D133C1D}.Debug|x64.ActiveCfg = Debug|x64
		{4370497C-77C7-35B0-8786-C48D3D133C1D}.Debug|x64.Build.0 = Debug|x64
		{4370497C-77C7-35B0-8786-C48D3D133C1D}.Release|x64.ActiveCfg = Release|x64
		{4370497C-77C7-35B0-8786-C48D3D133C1D}.Release|x64.Build.0 = Release|x64
		{4370497C-77C7-35B0-8786-C48D3D133C1D}.MinSizeRel|x64.ActiveCfg = MinSizeRel|x64
		{4370497C-77C7-35B0-8786-C48D3D133C1D}.MinSizeRel|x64.Build.0 = MinSizeRel|x64
		{4370497C-77C7-35B0-8786-C48D3D133C1D}.RelWithDebInfo|x64.ActiveCfg = RelWithDebInfo|x64
		{4370497C-77C7-35B0-8786-C48D3D133C1D}.RelWithDebInfo|x64.Build.0 = RelWithDebInfo|x64
		{0A643464-DFD0-3608-B723-97B62C70E0C2}.Debug|x64.ActiveCfg = Debug|x64
		{0A643464-DFD0-3608-B723-97B62C70E0C2}.Debug|x64.Build.0 = Debug|x64
		{0A643464-DFD0-3608-B723-97B62C70E0C2}.Release|x64.ActiveCfg = Release|x64
		{0A643464-DFD0-3608-B723-97B62C70E0C2}.Release|x64.Build.0 = Release|x64
		{0A643464-DFD0-3608-B723-97B62C70E0C2}.MinSizeRel|x64.ActiveCfg = MinSizeRel|x64
		{0A643464-DFD0-3608-B723-97B62C70E0C2}.MinSizeRel|x64.Build.0 = MinSizeRel|x64
		{0A643464-DFD0-3608-B723-97B62C70E0C2}.RelWithDebInfo|x64.ActiveCfg = RelWithDebInfo|x64
		{0A643464-DFD0-3608-B723-97B62C70E0C2}.RelWithDebInfo|x64.Build.0 = RelWithDebInfo|x64
		{BACF46ED-0D20-3A47-8F09-89E0186D8479}.Debug|x64.ActiveCfg = Debug|x64
		{BACF46ED-0D20-3A47-8F09-89E0186D8479}.Debug|x64.Build.0 = Debug|x64
		{BACF46ED-0D20-3A47-8F09-89E0186D8479}.Release|x64.ActiveCfg = Release|x64
		{BACF46ED-0D20-3A47-8F09-89E0186D8479}.Release|x64.Build.0 = Release|x64
		{BACF46ED-0D20-3A47-8F09-89E0186D8479}.MinSizeRel|x64.ActiveCfg = MinSizeRel|x64
		{BACF46ED-0D20-3A47-8F09-89E0186D8479}.MinSizeRel|x64.Build.0 = MinSizeRel|x64
		{BACF46ED-0D20-3A47-8F09-89E0186D8479}.RelWithDebInfo|x64.ActiveCfg = RelWithDebInfo|x64
		{BACF46ED-0D20-3A47-8F09-89E0186D8479}.RelWithDebInfo|x64.Build.0 = RelWithDebInfo|x64
		{CB54D07D-E5B0-34A9-A2BA-01226395ACF4}.Debug|x64.ActiveCfg = Debug|x64
		{CB54D07D-E5B0-34A9-A2BA-01226395ACF4}.Debug|x64.Build.0 = Debug|x64
		{CB54D07D-E5B0-34A9-A2BA-01226395ACF4}.Release|x64.ActiveCfg = Release|x64
		{CB54D07D-E5B0-34A9-A2BA-01226395ACF4}.Release|x64.Build.0 = Release|x64
		{CB54D07D-E5B0-34A9-A2BA-01226395ACF4}.MinSizeRel|x64.ActiveCfg = MinSizeRel|x64
		{CB54D07D-E5B0-34A9-A2BA-01226395ACF4}.MinSizeRel|x64.Build.0 = MinSizeRel|x64
		{CB54D07D-E5B0-34A9-A2BA-01226395ACF4}.RelWithDebInfo|x64.ActiveCfg = RelWithDebInfo|x64
		{CB54D07D-E5B0-34A9-A2BA-01226395ACF4}.RelWithDebInfo|x64.Build.0 = RelWithDebInfo|x64
		{2737FE95-7B9A-31A1-B3BC-CD971C9425C8}.Debug|x64.ActiveCfg = Debug|x64
		{2737FE95-7B9A-31A1-B3BC-CD971C9425C8}.Debug|x64.Build.0 = Debug|x64
		{2737FE95-7B9A-31A1-B3BC-CD971C9425C8}.Release|x64.ActiveCfg = Release|x64
		{2737FE95-7B9A-31A1-B3BC-CD971C9425C8}.Release|x64.Build.0 = Release|x64
		{2737FE95-7B9A-31A1-B3BC-CD971C9425C8}.MinSizeRel|x64.ActiveCfg = MinSizeRel|x64
		{2737FE95-7B9A-31A1-B3BC-CD971C9425C8}.MinSizeRel|x64.Build.0 = MinSizeRel|x64
		{2737FE95-7B9A-31A1-B3BC-CD971C9425C8}.RelWithDebInfo|x64.ActiveCfg = RelWithDebInfo|x64
		{2737FE95-7B9A-31A1-B3BC-CD971C9425C8}.RelWithDebInfo|x64.Build.0 = RelWithDebInfo|x64
		{0C47E592-9DF2-3A48-9944-C7778A38D1E4}.Debug|x64.ActiveCfg = Debug|x64
		{0C47E592-9DF2-3A48-9944-C7778A38D1E4}.Debug|x64.Build.0 = Debug|x64
		{0C47E592-9DF2-3A48-9944-C7778A38D1E4}.Release|x64.ActiveCfg = Release|x64
		{0C47E592-9DF2-3A48-9944-C7778A38D1E4}.Release|x64.Build.0 = Release|x64
		{0C47E592-9DF2-3A48-9944-C7778A38D1E4}.MinSizeRel|x64.ActiveCfg = MinSizeRel|x64
		{0C47E592-9DF2-3A48-9944-C7778A38D1E4}.MinSizeRel|x64.Build.0 = MinSizeRel|x64
		{0C47E592-9DF2-3A48-9944-C7778A38D1E4}.RelWithDebInfo|x64.ActiveCfg = RelWithDebInfo|x64
		{0C47E592-9DF2-3A48-9944-C7778A38D1E4}.RelWithDebInfo|x64.Build.0 = RelWithDebInfo|x64
		{A4E8C7F2-CD4C-30C7-B71F-90BC8E73265F}.Debug|x64.ActiveCfg = Debug|x64
		{A4E8C7F2-CD4C-30C7-B71F-90BC8E73265F}.Debug|x64.Build.0 = Debug|x64
		{A4E8C7F2-CD4C-30C7-B71F-90BC8E73265F}.Release|x64.ActiveCfg = Release|x64
		{A4E8C7F2-CD4C-30C7-B71F-90BC8E73265F}.Release|x64.Build.0 = Release|x64
		{A4E8C7F2-CD4C-30C7-B71F-90BC8E73265F}.MinSizeRel|x64.ActiveCfg = MinSizeRel|x64
		{A4E8C7F2-CD4C-30C7-B71F-90BC8E73265F}.MinSizeRel|x64.Build.0 = MinSizeRel|x64
		{A4E8C7F2-CD4C-30C7-B71F-90BC8E73265F}.RelWithDebInfo|x64.ActiveCfg = RelWithDebInfo|x64
		{A4E8C7F2-CD4C-30C7-B71F-90BC8E73265F}.RelWithDebInfo|x64.Build.0 = RelWithDebInfo|x64
		{32F7E9DB-D9F0-3A88-8D94-63FB87F587BD}.Debug|x64.ActiveCfg = Debug|x64
		{32F7E9DB-D9F0-3A88-8D94-63FB87F587BD}.Debug|x64.Build.0 = Debug|x64
		{32F7E9DB-D9F0-3A88-8D94-63FB87F587BD}.Release|x64.ActiveCfg = Release|x64
		{32F7E9DB-D9F0-3A88-8D94-63FB87F587BD}.Release|x64.Build.0 = Release|x64
		{32F7E9DB-D9F0-3A88-8D94-63FB87F587BD}.MinSizeRel|x64.ActiveCfg = MinSizeRel|x64
		{32F7E9DB-D9F0-3A88-8D94-63FB87F587BD}.MinSizeRel|x64.Build.0 = MinSizeRel|x64
		{32F7E9DB-D9F0-3A88-8D94-63FB87F587BD}.RelWithDebInfo|x64.ActiveCfg = RelWithDebInfo|x64
		{32F7E9DB-D9F0-3A88-8D94-63FB87F587BD}.RelWithDebInfo|x64.Build.0 = RelWithDebInfo|x64
		{36ED9582-BD26-3FD8-82E1-E65FDF81B01F}.Debug|x64.ActiveCfg = Debug|x64
		{36ED9582-BD26-3FD8-82E1-E65FDF81B01F}.Debug|x64.Build.0 = Debug|x64
		{36ED9582-BD26-3FD8-82E1-E65FDF81B01F}.Release|x64.ActiveCfg = Release|x64
		{36ED9582-BD26-3FD8-82E1-E65FDF81B01F}.Release|x64.Build.0 = Release|x64
		{36ED9582-BD26-3FD8-82E1-E65FDF81B01F}.MinSizeRel|x64.ActiveCfg = MinSizeRel|x64
		{36ED9582-BD26-3FD8-82E1-E65FDF81B01F}.MinSizeRel|x64.Build.0 = MinSizeRel|x64
		{36ED9582-BD26-3FD8-82E1-E65FDF81B01F}.RelWithDebInfo|x64.ActiveCfg = RelWithDebInfo|x64
		{36ED9582-BD26-3FD8-82E1-E65FDF81B01F}.RelWithDebInfo|x64.Build.0 = RelWithDebInfo|x64
		{A81A7FB3-0D99-32E8-8676-AD319129B328}.Debug|x64.ActiveCfg = Debug|x64
		{A81A7FB3-0D99-32E8-8676-AD319129B328}.Debug|x64.Build.0 = Debug|x64
		{A81A7FB3-0D99-32E8-8676-AD319129B328}.Release|x64.ActiveCfg = Release|x64
		{A81A7FB3-0D99-32E8-8676-AD319129B328}.Release|x64.Build.0 = Release|x64
		{A81A7FB3-0D99-32E8-8676-AD319129B328}.MinSizeRel|x64.ActiveCfg = MinSizeRel|x64
		{A81A7FB3-0D99-32E8-8676-AD319129B328}.MinSizeRel|x64.Build.0 = MinSizeRel|x64
		{A81A7FB3-0D99-32E8-8676-AD319129B328}.RelWithDebInfo|x64.ActiveCfg = RelWithDebInfo|x64
		{A81A7FB3-0D99-32E8-8676-AD319129B328}.RelWithDebInfo|x64.Build.0 = RelWithDebInfo|x64
		{A2253F3D-4AF7-323A-A7F1-38B80D104F16}.Debug|x64.ActiveCfg = Debug|x64
		{A2253F3D-4AF7-323A-A7F1-38B80D104F16}.Debug|x64.Build.0 = Debug|x64
		{A2253F3D-4AF7-323A-A7F1-38B80D104F16}.Release|x64.ActiveCfg = Release|x64
		{A2253F3D-4AF7-323A-A7F1-38B80D104F16}.Release|x64.Build.0 = Release|x64
		{A2253F3D-4AF7-323A-A7F1-38B80D104F16}.MinSizeRel|x64.ActiveCfg = MinSizeRel|x64
		{A2253F3D-4AF7-323A-A7F1-38B80D104F16}.MinSizeRel|x64.Build.0 = MinSizeRel|x64
		{A2253F3D-4AF7-323A-A7F1-38B80D104F16}.RelWithDebInfo|x64.ActiveCfg = RelWithDebInfo|x64
		{A2253F3D-4AF7-323A-A7F1-38B80D104F16}.RelWithDebInfo|x64.Build.0 = RelWithDebInfo|x64
		{3E93CB6C-DB46-3EF3-A96D-163E9264546A}.Debug|x64.ActiveCfg = Debug|x64
		{3E93CB6C-DB46-3EF3-A96D-163E9264546A}.Debug|x64.Build.0 = Debug|x64
		{3E93CB6C-DB46-3EF3-A96D-163E9264546A}.Release|x64.ActiveCfg = Release|x64
		{3E93CB6C-DB46-3EF3-A96D-163E9264546A}.Release|x64.Build.0 = Release|x64
		{3E93CB6C-DB46-3EF3-A96D-163E9264546A}.MinSizeRel|x64.ActiveCfg = MinSizeRel|x64
		{3E93CB6C-DB46-3EF3-A96D-163E9264546A}.MinSizeRel|x64.Build.0 = MinSizeRel|x64
		{3E93CB6C-DB46-3EF3-A96D-163E9264546A}.RelWithDebInfo|x64.ActiveCfg = RelWithDebInfo|x64
		{3E93CB6C-DB46-3EF3-A96D-163E9264546A}.RelWithDebInfo|x64.Build.0 = RelWithDebInfo|x64
		{028B79C8-2090-3982-8437-0399BE64CF80}.Debug|x64.ActiveCfg = Debug|x64
		{028B79C8-2090-3982-8437-0399BE64CF80}.Debug|x64.Build.0 = Debug|x64
		{028B79C8-2090-3982-8437-0399BE64CF80}.Release|x64.ActiveCfg = Release|x64
		{028B79C8-2090-3982-8437-0399BE64CF80}.Release|x64.Build.0 = Release|x64
		{028B79C8-2090-3982-8437-0399BE64CF80}.MinSizeRel|x64.ActiveCfg = MinSizeRel|x64
		{028B79C8-2090-3982-8437-0399BE64CF80}.MinSizeRel|x64.Build.0 = MinSizeRel|x64
		{028B79C8-2090-3982-8437-0399BE64CF80}.RelWithDebInfo|x64.ActiveCfg = RelWithDebInfo|x64
		{028B79C8-2090-3982-8437-0399BE64CF80}.RelWithDebInfo|x64.Build.0 = RelWithDebInfo|x64
		{C0D5F748-91FB-3ABB-853E-46338F0CA90E}.Debug|x64.ActiveCfg = Debug|x64
		{C0D5F748-91FB-3ABB-853E-46338F0CA90E}.Debug|x64.Build.0 = Debug|x64
		{C0D5F748-91FB-3ABB-853E-46338F0CA90E}.Release|x64.ActiveCfg = Release|x64
		{C0D5F748-91FB-3ABB-853E-46338F0CA90E}.Release|x64.Build.0 = Release|x64
		{C0D5F748-91FB-3ABB-853E-46338F0CA90E}.MinSizeRel|x64.ActiveCfg = MinSizeRel|x64
		{C0D5F748-91FB-3ABB-853E-46338F0CA90E}.MinSizeRel|x64.Build.0 = MinSizeRel|x64
		{C0D5F748-91FB-3ABB-853E-46338F0CA90E}.RelWithDebInfo|x64.ActiveCfg = RelWithDebInfo|x64
		{C0D5F748-91FB-3ABB-853E-46338F0CA90E}.RelWithDebInfo|x64.Build.0 = RelWithDebInfo|x64
		{0FF415CA-4E7D-3C7B-9762-AA20902A014D}.Debug|x64.ActiveCfg = Debug|x64
		{0FF415CA-4E7D-3C7B-9762-AA20902A014D}.Debug|x64.Build.0 = Debug|x64
		{0FF415CA-4E7D-3C7B-9762-AA20902A014D}.Release|x64.ActiveCfg = Release|x64
		{0FF415CA-4E7D-3C7B-9762-AA20902A014D}.Release|x64.Build.0 = Release|x64
		{0FF415CA-4E7D-3C7B-9762-AA20902A014D}.MinSizeRel|x64.ActiveCfg = MinSizeRel|x64
		{0FF415CA-4E7D-3C7B-9762-AA20902A014D}.MinSizeRel|x64.Build.0 = MinSizeRel|x64
		{0FF415CA-4E7D-3C7B-9762-AA20902A014D}.RelWithDebInfo|x64.ActiveCfg = RelWithDebInfo|x64
		{0FF415CA-4E7D-3C7B-9762-AA20902A014D}.RelWithDebInfo|x64.Build.0 = RelWithDebInfo|x64
		{B1BD3B69-41AB-3CDA-82CC-6FBB9A44BA21}.Debug|x64.ActiveCfg = Debug|x64
		{B1BD3B69-41AB-3CDA-82CC-6FBB9A44BA21}.Debug|x64.Build.0 = Debug|x64
		{B1BD3B69-41AB-3CDA-82CC-6FBB9A44BA21}.Release|x64.ActiveCfg = Release|x64
		{B1BD3B69-41AB-3CDA-82CC-6FBB9A44BA21}.Release|x64.Build.0 = Release|x64
		{B1BD3B69-41AB-3CDA-82CC-6FBB9A44BA21}.MinSizeRel|x64.ActiveCfg = MinSizeRel|x64
		{B1BD3B69-41AB-3CDA-82CC-6FBB9A44BA21}.MinSizeRel|x64.Build.0 = MinSizeRel|x64
		{B1BD3B69-41AB-3CDA-82CC-6FBB9A44BA21}.RelWithDebInfo|x64.ActiveCfg = RelWithDebInfo|x64
		{B1BD3B69-41AB-3CDA-82CC-6FBB9A44BA21}.RelWithDebInfo|x64.Build.0 = RelWithDebInfo|x64
		{B3B3B444-8610-3F54-AA9B-D45181EF9540}.Debug|x64.ActiveCfg = Debug|x64
		{B3B3B444-8610-3F54-AA9B-D45181EF9540}.Debug|x64.Build.0 = Debug|x64
		{B3B3B444-8610-3F54-AA9B-D45181EF9540}.Release|x64.ActiveCfg = Release|x64
		{B3B3B444-8610-3F54-AA9B-D45181EF9540}.Release|x64.Build.0 = Release|x64
		{B3B3B444-8610-3F54-AA9B-D45181EF9540}.MinSizeRel|x64.ActiveCfg = MinSizeRel|x64
		{B3B3B444-8610-3F54-AA9B-D45181EF9540}.MinSizeRel|x64.Build.0 = MinSizeRel|x64
		{B3B3B444-8610-3F54-AA9B-D45181EF9540}.RelWithDebInfo|x64.ActiveCfg = RelWithDebInfo|x64
		{B3B3B444-8610-3F54-AA9B-D45181EF9540}.RelWithDebInfo|x64.Build.0 = RelWithDebInfo|x64
		{DCC03293-B7F4-3AF3-9C34-91C071EC06EA}.Debug|x64.ActiveCfg = Debug|x64
		{DCC03293-B7F4-3AF3-9C34-91C071EC06EA}.Debug|x64.Build.0 = Debug|x64
		{DCC03293-B7F4-3AF3-9C34-91C071EC06EA}.Release|x64.ActiveCfg = Release|x64
		{DCC03293-B7F4-3AF3-9C34-91C071EC06EA}.Release|x64.Build.0 = Release|x64
		{DCC03293-B7F4-3AF3-9C34-91C071EC06EA}.MinSizeRel|x64.ActiveCfg = MinSizeRel|x64
		{DCC03293-B7F4-3AF3-9C34-91C071EC06EA}.MinSizeRel|x64.Build.0 = MinSizeRel|x64
		{DCC03293-B7F4-3AF3-9C34-91C071EC06EA}.RelWithDebInfo|x64.ActiveCfg = RelWithDebInfo|x64
		{DCC03293-B7F4-3AF3-9C34-91C071EC06EA}.RelWithDebInfo|x64.Build.0 = RelWithDebInfo|x64
		{42B767D0-984C-3DA1-959B-15465F5EFC90}.Debug|x64.ActiveCfg = Debug|x64
		{42B767D0-984C-3DA1-959B-15465F5EFC90}.Debug|x64.Build.0 = Debug|x64
		{42B767D0-984C-3DA1-959B-15465F5EFC90}.Release|x64.ActiveCfg = Release|x64
		{42B767D0-984C-3DA1-959B-15465F5EFC90}.Release|x64.Build.0 = Release|x64
		{42B767D0-984C-3DA1-959B-15465F5EFC90}.MinSizeRel|x64.ActiveCfg = MinSizeRel|x64
		{42B767D0-984C-3DA1-959B-15465F5EFC90}.MinSizeRel|x64.Build.0 = MinSizeRel|x64
		{42B767D0-984C-3DA1-959B-15465F5EFC90}.RelWithDebInfo|x64.ActiveCfg = RelWithDebInfo|x64
		{42B767D0-984C-3DA1-959B-15465F5EFC90}.RelWithDebInfo|x64.Build.0 = RelWithDebInfo|x64
		{977A42F5-3EDA-36D9-BC02-9DE0D72B0EE8}.Debug|x64.ActiveCfg = Debug|x64
		{977A42F5-3EDA-36D9-BC02-9DE0D72B0EE8}.Debug|x64.Build.0 = Debug|x64
		{977A42F5-3EDA-36D9-BC02-9DE0D72B0EE8}.Release|x64.ActiveCfg = Release|x64
		{977A42F5-3EDA-36D9-BC02-9DE0D72B0EE8}.Release|x64.Build.0 = Release|x64
		{977A42F5-3EDA-36D9-BC02-9DE0D72B0EE8}.MinSizeRel|x64.ActiveCfg = MinSizeRel|x64
		{977A42F5-3EDA-36D9-BC02-9DE0D72B0EE8}.MinSizeRel|x64.Build.0 = MinSizeRel|x64
		{977A42F5-3EDA-36D9-BC02-9DE0D72B0EE8}.RelWithDebInfo|x64.ActiveCfg = RelWithDebInfo|x64
		{977A42F5-3EDA-36D9-BC02-9DE0D72B0EE8}.RelWithDebInfo|x64.Build.0 = RelWithDebInfo|x64
		{B0C1024D-6690-3FA0-A1CB-59218F571385}.Debug|x64.ActiveCfg = Debug|x64
		{B0C1024D-6690-3FA0-A1CB-59218F571385}.Debug|x64.Build.0 = Debug|x64
		{B0C1024D-6690-3FA0-A1CB-59218F571385}.Release|x64.ActiveCfg = Release|x64
		{B0C1024D-6690-3FA0-A1CB-59218F571385}.Release|x64.Build.0 = Release|x64
		{B0C1024D-6690-3FA0-A1CB-59218F571385}.MinSizeRel|x64.ActiveCfg = MinSizeRel|x64
		{B0C1024D-6690-3FA0-A1CB-59218F571385}.MinSizeRel|x64.Build.0 = MinSizeRel|x64
		{B0C1024D-6690-3FA0-A1CB-59218F571385}.RelWithDebInfo|x64.ActiveCfg = RelWithDebInfo|x64
		{B0C1024D-6690-3FA0-A1CB-59218F571385}.RelWithDebInfo|x64.Build.0 = RelWithDebInfo|x64
		{6D35E935-93A7-315D-BE18-C5B10C1853E7}.Debug|x64.ActiveCfg = Debug|x64
		{6D35E935-93A7-315D-BE18-C5B10C1853E7}.Debug|x64.Build.0 = Debug|x64
		{6D35E935-93A7-315D-BE18-C5B10C1853E7}.Release|x64.ActiveCfg = Release|x64
		{6D35E935-93A7-315D-BE18-C5B10C1853E7}.Release|x64.Build.0 = Release|x64
		{6D35E935-93A7-315D-BE18-C5B10C1853E7}.MinSizeRel|x64.ActiveCfg = MinSizeRel|x64
		{6D35E935-93A7-315D-BE18-C5B10C1853E7}.MinSizeRel|x64.Build.0 = MinSizeRel|x64
		{6D35E935-93A7-315D-BE18-C5B10C1853E7}.RelWithDebInfo|x64.ActiveCfg = RelWithDebInfo|x64
		{6D35E935-93A7-315D-BE18-C5B10C1853E7}.RelWithDebInfo|x64.Build.0 = RelWithDebInfo|x64
		{A20906F9-EB9C-31F2-A1C0-693DAABD3A4B}.Debug|x64.ActiveCfg = Debug|x64
		{A20906F9-EB9C-31F2-A1C0-693DAABD3A4B}.Debug|x64.Build.0 = Debug|x64
		{A20906F9-EB9C-31F2-A1C0-693DAABD3A4B}.Release|x64.ActiveCfg = Release|x64
		{A20906F9-EB9C-31F2-A1C0-693DAABD3A4B}.Release|x64.Build.0 = Release|x64
		{A20906F9-EB9C-31F2-A1C0-693DAABD3A4B}.MinSizeRel|x64.ActiveCfg = MinSizeRel|x64
		{A20906F9-EB9C-31F2-A1C0-693DAABD3A4B}.MinSizeRel|x64.Build.0 = MinSizeRel|x64
		{A20906F9-EB9C-31F2-A1C0-693DAABD3A4B}.RelWithDebInfo|x64.ActiveCfg = RelWithDebInfo|x64
		{A20906F9-EB9C-31F2-A1C0-693DAABD3A4B}.RelWithDebInfo|x64.Build.0 = RelWithDebInfo|x64
		{3D891AE6-B5C2-3F7A-9B53-72E06C9229E9}.Debug|x64.ActiveCfg = Debug|x64
		{3D891AE6-B5C2-3F7A-9B53-72E06C9229E9}.Debug|x64.Build.0 = Debug|x64
		{3D891AE6-B5C2-3F7A-9B53-72E06C9229E9}.Release|x64.ActiveCfg = Release|x64
		{3D891AE6-B5C2-3F7A-9B53-72E06C9229E9}.Release|x64.Build.0 = Release|x64
		{3D891AE6-B5C2-3F7A-9B53-72E06C9229E9}.MinSizeRel|x64.ActiveCfg = MinSizeRel|x64
		{3D891AE6-B5C2-3F7A-9B53-72E06C9229E9}.MinSizeRel|x64.Build.0 = MinSizeRel|x64
		{3D891AE6-B5C2-3F7A-9B53-72E06C9229E9}.RelWithDebInfo|x64.ActiveCfg = RelWithDebInfo|x64
		{3D891AE6-B5C2-3F7A-9B53-72E06C9229E9}.RelWithDebInfo|x64.Build.0 = RelWithDebInfo|x64
		{8AA4E17B-7848-3533-B238-5D00EA6C8520}.Debug|x64.ActiveCfg = Debug|x64
		{8AA4E17B-7848-3533-B238-5D00EA6C8520}.Debug|x64.Build.0 = Debug|x64
		{8AA4E17B-7848-3533-B238-5D00EA6C8520}.Release|x64.ActiveCfg = Release|x64
		{8AA4E17B-7848-3533-B238-5D00EA6C8520}.Release|x64.Build.0 = Release|x64
		{8AA4E17B-7848-3533-B238-5D00EA6C8520}.MinSizeRel|x64.ActiveCfg = MinSizeRel|x64
		{8AA4E17B-7848-3533-B238-5D00EA6C8520}.MinSizeRel|x64.Build.0 = MinSizeRel|x64
		{8AA4E17B-7848-3533-B238-5D00EA6C8520}.RelWithDebInfo|x64.ActiveCfg = RelWithDebInfo|x64
		{8AA4E17B-7848-3533-B238-5D00EA6C8520}.RelWithDebInfo|x64.Build.0 = RelWithDebInfo|x64
		{328D9C79-DBC8-3174-A337-FC024A5A3564}.Debug|x64.ActiveCfg = Debug|x64
		{328D9C79-DBC8-3174-A337-FC024A5A3564}.Release|x64.ActiveCfg = Release|x64
		{328D9C79-DBC8-3174-A337-FC024A5A3564}.MinSizeRel|x64.ActiveCfg = MinSizeRel|x64
		{328D9C79-DBC8-3174-A337-FC024A5A3564}.RelWithDebInfo|x64.ActiveCfg = RelWithDebInfo|x64
		{C5D68C76-50B8-3288-BD9D-E3A5D50336A0}.Debug|x64.ActiveCfg = Debug|x64
		{C5D68C76-50B8-3288-BD9D-E3A5D50336A0}.Debug|x64.Build.0 = Debug|x64
		{C5D68C76-50B8-3288-BD9D-E3A5D50336A0}.Release|x64.ActiveCfg = Release|x64
		{C5D68C76-50B8-3288-BD9D-E3A5D50336A0}.Release|x64.Build.0 = Release|x64
		{C5D68C76-50B8-3288-BD9D-E3A5D50336A0}.MinSizeRel|x64.ActiveCfg = MinSizeRel|x64
		{C5D68C76-50B8-3288-BD9D-E3A5D50336A0}.MinSizeRel|x64.Build.0 = MinSizeRel|x64
		{C5D68C76-50B8-3288-BD9D-E3A5D50336A0}.RelWithDebInfo|x64.ActiveCfg = RelWithDebInfo|x64
		{C5D68C76-50B8-3288-BD9D-E3A5D50336A0}.RelWithDebInfo|x64.Build.0 = RelWithDebInfo|x64
		{AA2308CC-60D3-3C47-A0EB-4E789D140D50}.Debug|x64.ActiveCfg = Debug|x64
		{AA2308CC-60D3-3C47-A0EB-4E789D140D50}.Debug|x64.Build.0 = Debug|x64
		{AA2308CC-60D3-3C47-A0EB-4E789D140D50}.Release|x64.ActiveCfg = Release|x64
		{AA2308CC-60D3-3C47-A0EB-4E789D140D50}.Release|x64.Build.0 = Release|x64
		{AA2308CC-60D3-3C47-A0EB-4E789D140D50}.MinSizeRel|x64.ActiveCfg = MinSizeRel|x64
		{AA2308CC-60D3-3C47-A0EB-4E789D140D50}.MinSizeRel|x64.Build.0 = MinSizeRel|x64
		{AA2308CC-60D3-3C47-A0EB-4E789D140D50}.RelWithDebInfo|x64.ActiveCfg = RelWithDebInfo|x64
		{AA2308CC-60D3-3C47-A0EB-4E789D140D50}.RelWithDebInfo|x64.Build.0 = RelWithDebInfo|x64
		{463F08B3-079C-3684-BA3F-B73A1F8343DD}.Debug|x64.ActiveCfg = Debug|x64
		{463F08B3-079C-3684-BA3F-B73A1F8343DD}.Debug|x64.Build.0 = Debug|x64
		{463F08B3-079C-3684-BA3F-B73A1F8343DD}.Release|x64.ActiveCfg = Release|x64
		{463F08B3-079C-3684-BA3F-B73A1F8343DD}.Release|x64.Build.0 = Release|x64
		{463F08B3-079C-3684-BA3F-B73A1F8343DD}.MinSizeRel|x64.ActiveCfg = MinSizeRel|x64
		{463F08B3-079C-3684-BA3F-B73A1F8343DD}.MinSizeRel|x64.Build.0 = MinSizeRel|x64
		{463F08B3-079C-3684-BA3F-B73A1F8343DD}.RelWithDebInfo|x64.ActiveCfg = RelWithDebInfo|x64
		{463F08B3-079C-3684-BA3F-B73A1F8343DD}.RelWithDebInfo|x64.Build.0 = RelWithDebInfo|x64
	EndGlobalSection
	GlobalSection(NestedProjects) = preSolution
		{6CD8D0B7-7234-3E8B-8FF0-920342425473} = {5FDB6086-9EA1-3210-B189-2C53DC90D5A7}
		{4761BD3E-A8FD-3C9B-929C-170782F9D521} = {5FDB6086-9EA1-3210-B189-2C53DC90D5A7}
		{90DCC745-5D58-30AF-8BB8-B61269C21212} = {5FDB6086-9EA1-3210-B189-2C53DC90D5A7}
		{F97F942D-705D-3422-B014-0C0655AF108F} = {7F093735-A84F-36CE-B9F1-AF91D2776156}
		{E480C155-7DD2-322D-8691-569D413E8726} = {7F093735-A84F-36CE-B9F1-AF91D2776156}
		{0C47E592-9DF2-3A48-9944-C7778A38D1E4} = {7F093735-A84F-36CE-B9F1-AF91D2776156}
		{328D9C79-DBC8-3174-A337-FC024A5A3564} = {7F093735-A84F-36CE-B9F1-AF91D2776156}
		{3FF15401-EBFF-3ABB-B180-E25BB5739F40} = {F97F942D-705D-3422-B014-0C0655AF108F}
		{2737FE95-7B9A-31A1-B3BC-CD971C9425C8} = {F97F942D-705D-3422-B014-0C0655AF108F}
		{32F7E9DB-D9F0-3A88-8D94-63FB87F587BD} = {F97F942D-705D-3422-B014-0C0655AF108F}
		{0FF415CA-4E7D-3C7B-9762-AA20902A014D} = {F97F942D-705D-3422-B014-0C0655AF108F}
		{B3B3B444-8610-3F54-AA9B-D45181EF9540} = {F97F942D-705D-3422-B014-0C0655AF108F}
		{42B767D0-984C-3DA1-959B-15465F5EFC90} = {F97F942D-705D-3422-B014-0C0655AF108F}
		{977A42F5-3EDA-36D9-BC02-9DE0D72B0EE8} = {F97F942D-705D-3422-B014-0C0655AF108F}
		{B0C1024D-6690-3FA0-A1CB-59218F571385} = {F97F942D-705D-3422-B014-0C0655AF108F}
		{AA2308CC-60D3-3C47-A0EB-4E789D140D50} = {F97F942D-705D-3422-B014-0C0655AF108F}
		{876294EF-8CB3-3829-B91A-718AB455E4A4} = {E480C155-7DD2-322D-8691-569D413E8726}
		{4370497C-77C7-35B0-8786-C48D3D133C1D} = {E480C155-7DD2-322D-8691-569D413E8726}
		{0A643464-DFD0-3608-B723-97B62C70E0C2} = {E480C155-7DD2-322D-8691-569D413E8726}
		{BACF46ED-0D20-3A47-8F09-89E0186D8479} = {E480C155-7DD2-322D-8691-569D413E8726}
		{CB54D07D-E5B0-34A9-A2BA-01226395ACF4} = {E480C155-7DD2-322D-8691-569D413E8726}
		{A4E8C7F2-CD4C-30C7-B71F-90BC8E73265F} = {E480C155-7DD2-322D-8691-569D413E8726}
		{36ED9582-BD26-3FD8-82E1-E65FDF81B01F} = {E480C155-7DD2-322D-8691-569D413E8726}
		{A81A7FB3-0D99-32E8-8676-AD319129B328} = {E480C155-7DD2-322D-8691-569D413E8726}
		{A2253F3D-4AF7-323A-A7F1-38B80D104F16} = {E480C155-7DD2-322D-8691-569D413E8726}
		{3E93CB6C-DB46-3EF3-A96D-163E9264546A} = {E480C155-7DD2-322D-8691-569D413E8726}
		{028B79C8-2090-3982-8437-0399BE64CF80} = {E480C155-7DD2-322D-8691-569D413E8726}
		{C0D5F748-91FB-3ABB-853E-46338F0CA90E} = {E480C155-7DD2-322D-8691-569D413E8726}
		{B1BD3B69-41AB-3CDA-82CC-6FBB9A44BA21} = {E480C155-7DD2-322D-8691-569D413E8726}
		{DCC03293-B7F4-3AF3-9C34-91C071EC06EA} = {E480C155-7DD2-322D-8691-569D413E8726}
		{6D35E935-93A7-315D-BE18-C5B10C1853E7} = {E480C155-7DD2-322D-8691-569D413E8726}
		{A20906F9-EB9C-31F2-A1C0-693DAABD3A4B} = {E480C155-7DD2-322D-8691-569D413E8726}
		{3D891AE6-B5C2-3F7A-9B53-72E06C9229E9} = {E480C155-7DD2-322D-8691-569D413E8726}
		{8AA4E17B-7848-3533-B238-5D00EA6C8520} = {E480C155-7DD2-322D-8691-569D413E8726}
		{C5D68C76-50B8-3288-BD9D-E3A5D50336A0} = {E480C155-7DD2-322D-8691-569D413E8726}
		{463F08B3-079C-3684-BA3F-B73A1F8343DD} = {E480C155-7DD2-322D-8691-569D413E8726}
	EndGlobalSection
	GlobalSection(ExtensibilityGlobals) = postSolution
		SolutionGuid = {5F441A11-54F6-3DAF-BBDB-39D52791DE96}
	EndGlobalSection
	GlobalSection(ExtensibilityAddIns) = postSolution
	EndGlobalSection
EndGlobal
