<?xml version="1.0" encoding="utf-8"?>
<Project ToolsVersion="15.0" xmlns="http://schemas.microsoft.com/developer/msbuild/2003">
  <ItemGroup>
    <CustomBuild Include="E:\Kasug\Code\LearnOpenGL\Libaray\CMakeFiles\f01d1416e4892cb84ed45fef65cac718\INSTALL_force.rule">
      <Filter>CMake Rules</Filter>
    </CustomBuild>
  </ItemGroup>
  <ItemGroup>
    <Filter Include="CMake Rules">
      <UniqueIdentifier>{3B0592B7-FBB3-3A31-B27E-11D747185803}</UniqueIdentifier>
    </Filter>
  </ItemGroup>
</Project>
